
Microsoft Visual Studio Solution File, Format Version 11.00
# Visual Studio 2010
Project("{FAE04EC0-301F-11D3-BF4B-00C04F79EFBC}") = "UnityProject1", "Assembly-CSharp-firstpass.csproj", "{46614C42-9F56-2360-6C00-ACB013277319}"
EndProject
Project("{FAE04EC0-301F-11D3-BF4B-00C04F79EFBC}") = "UnityProject1", "Assembly-CSharp.csproj", "{C148FFB8-1DC5-E94E-32F2-BE3FABA64478}"
EndProject
Project("{FAE04EC0-301F-11D3-BF4B-00C04F79EFBC}") = "UnityProject1", "Assembly-CSharp-Editor-firstpass.csproj", "{651CBCFB-54A8-3000-BFAC-A64EC69C9E04}"
EndProject
Global
	GlobalSection(SolutionConfigurationPlatforms) = preSolution
		Debug|Any CPU = Debug|Any CPU
		Release|Any CPU = Release|Any CPU
	EndGlobalSection
	GlobalSection(ProjectConfigurationPlatforms) = postSolution
		{46614C42-9F56-2360-6C00-ACB013277319}.Debug|Any CPU.ActiveCfg = Debug|Any CPU
		{46614C42-9F56-2360-6C00-ACB013277319}.Debug|Any CPU.Build.0 = Debug|Any CPU
		{46614C42-9F56-2360-6C00-ACB013277319}.Release|Any CPU.ActiveCfg = Release|Any CPU
		{46614C42-9F56-2360-6C00-ACB013277319}.Release|Any CPU.Build.0 = Release|Any CPU
		{C148FFB8-1DC5-E94E-32F2-BE3FABA64478}.Debug|Any CPU.ActiveCfg = Debug|Any CPU
		{C148FFB8-1DC5-E94E-32F2-BE3FABA64478}.Debug|Any CPU.Build.0 = Debug|Any CPU
		{C148FFB8-1DC5-E94E-32F2-BE3FABA64478}.Release|Any CPU.ActiveCfg = Release|Any CPU
		{C148FFB8-1DC5-E94E-32F2-BE3FABA64478}.Release|Any CPU.Build.0 = Release|Any CPU
		{651CBCFB-54A8-3000-BFAC-A64EC69C9E04}.Debug|Any CPU.ActiveCfg = Debug|Any CPU
		{651CBCFB-54A8-3000-BFAC-A64EC69C9E04}.Debug|Any CPU.Build.0 = Debug|Any CPU
		{651CBCFB-54A8-3000-BFAC-A64EC69C9E04}.Release|Any CPU.ActiveCfg = Release|Any CPU
		{651CBCFB-54A8-3000-BFAC-A64EC69C9E04}.Release|Any CPU.Build.0 = Release|Any CPU
	EndGlobalSection
	GlobalSection(SolutionProperties) = preSolution
		HideSolutionNode = FALSE
	EndGlobalSection
	GlobalSection(MonoDevelopProperties) = preSolution
		StartupItem = Assembly-CSharp.csproj
	EndGlobalSection
EndGlobal
